
Microsoft Visual Studio Solution File, Format Version 12.00
# Visual Studio Version 16
VisualStudioVersion = 16.0.30104.148
MinimumVisualStudioVersion = 10.0.40219.1
Project("{9A19103F-16F7-4668-BE54-9A1E7A4F7556}") = "BirthdayApp.Console", "BirthdayApp\BirthdayApp.Console.csproj", "{064AE58C-CF33-4D32-8546-9395EFA122A1}"
EndProject
Project("{9A19103F-16F7-4668-BE54-9A1E7A4F7556}") = "BirthdayApp.Business", "BirthdayApp.Business\BirthdayApp.Business.csproj", "{E779C339-47B7-4898-815D-D239D27AA74C}"
EndProject
Project("{9A19103F-16F7-4668-BE54-9A1E7A4F7556}") = "BirthdayApp.Data", "BirthdayApp.Data\BirthdayApp.Data.csproj", "{C3E84DD3-55B0-4D94-B947-1CDF01E63AEF}"
EndProject
Project("{2150E333-8FDC-42A3-9474-1A3956D46DE8}") = "Presentation", "Presentation", "{ACB3D153-97C6-406C-A1F6-EAF47545DBF3}"
EndProject
Project("{2150E333-8FDC-42A3-9474-1A3956D46DE8}") = "Data", "Data", "{9F9079E9-269D-4391-B90F-06905E969720}"
EndProject
Project("{2150E333-8FDC-42A3-9474-1A3956D46DE8}") = "Business", "Business", "{EFC6DB63-3907-4CC4-9E87-F37D24B1DCCC}"
EndProject
Project("{FAE04EC0-301F-11D3-BF4B-00C04F79EFBC}") = "BirthdayApp.WebApp", "BirthdayApp.WebApp\BirthdayApp.WebApp.csproj", "{20115191-EED2-4370-9A08-19D5295F8C1F}"
EndProject
Global
	GlobalSection(SolutionConfigurationPlatforms) = preSolution
		Debug|Any CPU = Debug|Any CPU
		Release|Any CPU = Release|Any CPU
	EndGlobalSection
	GlobalSection(ProjectConfigurationPlatforms) = postSolution
		{064AE58C-CF33-4D32-8546-9395EFA122A1}.Debug|Any CPU.ActiveCfg = Debug|Any CPU
		{064AE58C-CF33-4D32-8546-9395EFA122A1}.Debug|Any CPU.Build.0 = Debug|Any CPU
		{064AE58C-CF33-4D32-8546-9395EFA122A1}.Release|Any CPU.ActiveCfg = Release|Any CPU
		{064AE58C-CF33-4D32-8546-9395EFA122A1}.Release|Any CPU.Build.0 = Release|Any CPU
		{E779C339-47B7-4898-815D-D239D27AA74C}.Debug|Any CPU.ActiveCfg = Debug|Any CPU
		{E779C339-47B7-4898-815D-D239D27AA74C}.Debug|Any CPU.Build.0 = Debug|Any CPU
		{E779C339-47B7-4898-815D-D239D27AA74C}.Release|Any CPU.ActiveCfg = Release|Any CPU
		{E779C339-47B7-4898-815D-D239D27AA74C}.Release|Any CPU.Build.0 = Release|Any CPU
		{C3E84DD3-55B0-4D94-B947-1CDF01E63AEF}.Debug|Any CPU.ActiveCfg = Debug|Any CPU
		{C3E84DD3-55B0-4D94-B947-1CDF01E63AEF}.Debug|Any CPU.Build.0 = Debug|Any CPU
		{C3E84DD3-55B0-4D94-B947-1CDF01E63AEF}.Release|Any CPU.ActiveCfg = Release|Any CPU
		{C3E84DD3-55B0-4D94-B947-1CDF01E63AEF}.Release|Any CPU.Build.0 = Release|Any CPU
		{20115191-EED2-4370-9A08-19D5295F8C1F}.Debug|Any CPU.ActiveCfg = Debug|Any CPU
		{20115191-EED2-4370-9A08-19D5295F8C1F}.Debug|Any CPU.Build.0 = Debug|Any CPU
		{20115191-EED2-4370-9A08-19D5295F8C1F}.Release|Any CPU.ActiveCfg = Release|Any CPU
		{20115191-EED2-4370-9A08-19D5295F8C1F}.Release|Any CPU.Build.0 = Release|Any CPU
	EndGlobalSection
	GlobalSection(SolutionProperties) = preSolution
		HideSolutionNode = FALSE
	EndGlobalSection
	GlobalSection(NestedProjects) = preSolution
		{064AE58C-CF33-4D32-8546-9395EFA122A1} = {ACB3D153-97C6-406C-A1F6-EAF47545DBF3}
		{E779C339-47B7-4898-815D-D239D27AA74C} = {EFC6DB63-3907-4CC4-9E87-F37D24B1DCCC}
		{C3E84DD3-55B0-4D94-B947-1CDF01E63AEF} = {9F9079E9-269D-4391-B90F-06905E969720}
		{20115191-EED2-4370-9A08-19D5295F8C1F} = {ACB3D153-97C6-406C-A1F6-EAF47545DBF3}
	EndGlobalSection
	GlobalSection(ExtensibilityGlobals) = postSolution
		SolutionGuid = {893F3E14-205C-469C-A0AD-FA1B27D9ABFF}
	EndGlobalSection
EndGlobal
